github.com/0x19/goesl v0.0.0-20191107044804-3efcc2f41ccb h1:dirTTp4hNv3XxkGUhUFMb0rHntWI5bdYnjYCPFz0Zws=
github.com/0x19/goesl v0.0.0-20191107044804-3efcc2f41ccb/go.mod h1:Xptqx3we8gfkPbMqYhn2VU46/RALZ/AweiMHet2QNp8=
github.com/asaskevich/govalidator v0.0.0-20200428143746-21a406dcc535 h1:4daAzAu0S6Vi7/lbWECcX0j45yZReDZ56BQsrVBOEEY=
github.com/asaskevich/govalidator v0.0.0-20200428143746-21a406dcc535/go.mod h1:oGkLhpf+kjZl6xBf758TQhh5XrAeiJv/7FRz/2spLIg=
github.com/cesanta/ucl v0.0.0-20150604132806-97c016fce90e h1:0I6ouUl8zX7Frqi3WryxiEZ5lCIuus74yiKuNsVyM7c=
github.com/cesanta/ucl v0.0.0-20150604132806-97c016fce90e/go.mod h1:B6PyaABmFz89eRwXtLjqtDVXk+2F8ctkiQoxRr+ZWDQ=
github.com/cesanta/validate-json v0.0.0-20150603122804-2f16017c76fc h1:x7AiG4PTuuluRgUi+6wBNyCSv+i1xmYWFUXgTH1MOes=
github.com/cesanta/validate-json v0.0.0-20150603122804-2f16017c76fc/go.mod h1:PsAZGfRLi5x79ez9Y1YLiTh5CV0j6e+P69e+SzR22Mg=
github.com/davecgh/go-spew v1.1.0 h1:ZDRjVQ15GmhC3fiQ8ni8+OwkZQO4DARzQgrnXU1Liz8=
github.com/davecgh/go-spew v1.1.0/go.mod h1:J7Y8YcW2NihsgmVo/mv3lAwl/skON4iLHjSsI+c5H38=
github.com/eduardbcom/gonfig v0.0.0-20190424113650-c516a7ddbf41 h1:0L5kfST1LBiF/qUwbNEz+POpYogu+/+36gh6ji4ZUkk=
github.com/eduardbcom/gonfig v0.0.0-20190424113650-c516a7ddbf41/go.mod h1:HUMwZz4q08WSy3eoOFhks12lWm81kIW9nnxd3n3MSQE=
github.com/eliben/gosax v0.1.0 h1:nJWm362/rDeiKF2yjzJv/C3PZe7KEfbbYA6f8lbRNOY=
github.com/eliben/gosax v0.1.0/go.mod h1:iPWVK8Lib0moJouNU/XW5qwKVfBABjm/i66XDZ+Mq0c=
github.com/op/go-logging v0.0.0-20160315200505-970db520ece7 h1:lDH9UUVJtmYCjyT0CI4q8xvlXPxeZ0gYCVvWbmPlp88=
github.com/op/go-logging v0.0.0-20160315200505-970db520ece7/go.mod h1:HzydrMdWErDVzsI23lYNej1Htcns9BCg93Dk0bBINWk=
github.com/pmezard/go-difflib v1.0.0 h1:4DBwDE0NGyQoBHbLQYPwSUPoCMWR5BEzIk/f1lZbAQM=
github.com/pmezard/go-difflib v1.0.0/go.mod h1:iKH77koFhYxTK1pcRnkKkqfTogsbg7gZNVY4sRDYZ/4=
github.com/sbabiv/xml2map v1.2.1 h1:1lT7t0hhUvXZCkdxqtq4n8/ZCnwLWGq4rDuDv5XOoFE=
github.com/sbabiv/xml2map v1.2.1/go.mod h1:2TPoAfcaM7+Sd4iriPvzyntb2mx7GY+kkQpB/GQa/eo=
github.com/spf13/pflag v1.0.5 h1:iy+VFUOCP1a+8yFto/drg2CJ5u0yRoB7fZw3DKv/JXA=
github.com/spf13/pflag v1.0.5/go.mod h1:McXfInJRrz4CZXVZOBLb0bTZqETkiAhM9Iw0y3An2Bg=
github.com/stretchr/objx v0.1.0/go.mod h1:HFkY916IF+rwdDfMAkV7OtwuqBVzrE8GR6GFx+wExME=
github.com/stretchr/testify v1.7.0 h1:nwc3DEeHmmLAfoZucVR881uASk0Mfjw8xYJ99tb5CcY=
github.com/stretchr/testify v1.7.0/go.mod h1:6Fq8oRcR53rry900zMqJjRRixrwX3KX962/h/Wwjteg=
gopkg.in/check.v1 v0.0.0-20161208181325-20d25e280405/go.mod h1:Co6ibVJAznAaIkqp8huTwlJQCZ016jof/cbN4VW5Yz0=
gopkg.in/yaml.v3 v3.0.0-20200313102051-9f266ea9e77c h1:dUUwHk2QECo/6vqA44rthZ8ie2QXMNeKRTHCNY2nXvo=
gopkg.in/yaml.v3 v3.0.0-20200313102051-9f266ea9e77c/go.mod h1:K4uyk7z7BCEPqu6E+C64Yfv1cQ7kz7rIZviUmN+EgEM=
